// !$*UTF8*$!
{
	archiveVersion = 1;
	classes = {
	};
	objectVersion = 56;
	objects = {

/* Begin PBXBuildFile section */
		2BA11AE22B21FBBB001FC310 /* AppDelegate.swift in Sources */ = {isa = PBXBuildFile; fileRef = 2BA11AE12B21FBBB001FC310 /* AppDelegate.swift */; };
		2BA11AE42B21FBBB001FC310 /* SceneDelegate.swift in Sources */ = {isa = PBXBuildFile; fileRef = 2BA11AE32B21FBBB001FC310 /* SceneDelegate.swift */; };
		2BA11AE62B21FBBB001FC310 /* HomeViewController.swift in Sources */ = {isa = PBXBuildFile; fileRef = 2BA11AE52B21FBBB001FC310 /* HomeViewController.swift */; };
		2BA11AEB2B21FBBE001FC310 /* Assets.xcassets in Resources */ = {isa = PBXBuildFile; fileRef = 2BA11AEA2B21FBBE001FC310 /* Assets.xcassets */; };
		2BA11AEE2B21FBBE001FC310 /* LaunchScreen.storyboard in Resources */ = {isa = PBXBuildFile; fileRef = 2BA11AEC2B21FBBE001FC310 /* LaunchScreen.storyboard */; };
		2BA11B0F2B21FC78001FC310 /* RegisterViewModel.swift in Sources */ = {isa = PBXBuildFile; fileRef = 2BA11B0E2B21FC78001FC310 /* RegisterViewModel.swift */; };
		2BA11B112B21FC84001FC310 /* RegisterViewController.swift in Sources */ = {isa = PBXBuildFile; fileRef = 2BA11B102B21FC84001FC310 /* RegisterViewController.swift */; };
		2BA11B132B21FC87001FC310 /* RegisterView.swift in Sources */ = {isa = PBXBuildFile; fileRef = 2BA11B122B21FC87001FC310 /* RegisterView.swift */; };
		2BA11B152B21FC93001FC310 /* ChatView.swift in Sources */ = {isa = PBXBuildFile; fileRef = 2BA11B142B21FC93001FC310 /* ChatView.swift */; };
		2BA11B172B21FC96001FC310 /* ChatViewController.swift in Sources */ = {isa = PBXBuildFile; fileRef = 2BA11B162B21FC96001FC310 /* ChatViewController.swift */; };
		2BA11B192B21FC9F001FC310 /* LoginView.swift in Sources */ = {isa = PBXBuildFile; fileRef = 2BA11B182B21FC9F001FC310 /* LoginView.swift */; };
		2BA11B1B2B21FCA3001FC310 /* LoginViewController.swift in Sources */ = {isa = PBXBuildFile; fileRef = 2BA11B1A2B21FCA3001FC310 /* LoginViewController.swift */; };
		2BA11B1D2B21FCAD001FC310 /* HomeViewModel.swift in Sources */ = {isa = PBXBuildFile; fileRef = 2BA11B1C2B21FCAD001FC310 /* HomeViewModel.swift */; };
		2BA11B1F2B21FCB0001FC310 /* HomeView.swift in Sources */ = {isa = PBXBuildFile; fileRef = 2BA11B1E2B21FCB0001FC310 /* HomeView.swift */; };
		2BA11B232B21FE46001FC310 /* GoogleService-Info.plist in Resources */ = {isa = PBXBuildFile; fileRef = 2BA11B222B21FE46001FC310 /* GoogleService-Info.plist */; };
/* End PBXBuildFile section */

/* Begin PBXFileReference section */
		2BA11ADE2B21FBBB001FC310 /* flash-chat.app */ = {isa = PBXFileReference; explicitFileType = wrapper.application; includeInIndex = 0; path = "flash-chat.app"; sourceTree = BUILT_PRODUCTS_DIR; };
		2BA11AE12B21FBBB001FC310 /* AppDelegate.swift */ = {isa = PBXFileReference; lastKnownFileType = sourcecode.swift; path = AppDelegate.swift; sourceTree = "<group>"; };
		2BA11AE32B21FBBB001FC310 /* SceneDelegate.swift */ = {isa = PBXFileReference; lastKnownFileType = sourcecode.swift; path = SceneDelegate.swift; sourceTree = "<group>"; };
		2BA11AE52B21FBBB001FC310 /* HomeViewController.swift */ = {isa = PBXFileReference; lastKnownFileType = sourcecode.swift; path = HomeViewController.swift; sourceTree = "<group>"; };
		2BA11AEA2B21FBBE001FC310 /* Assets.xcassets */ = {isa = PBXFileReference; lastKnownFileType = folder.assetcatalog; path = Assets.xcassets; sourceTree = "<group>"; };
		2BA11AED2B21FBBE001FC310 /* Base */ = {isa = PBXFileReference; lastKnownFileType = file.storyboard; name = Base; path = Base.lproj/LaunchScreen.storyboard; sourceTree = "<group>"; };
		2BA11AEF2B21FBBE001FC310 /* Info.plist */ = {isa = PBXFileReference; lastKnownFileType = text.plist.xml; path = Info.plist; sourceTree = "<group>"; };
		2BA11B0E2B21FC78001FC310 /* RegisterViewModel.swift */ = {isa = PBXFileReference; fileEncoding = 4; lastKnownFileType = sourcecode.swift; path = RegisterViewModel.swift; sourceTree = "<group>"; };
		2BA11B102B21FC84001FC310 /* RegisterViewController.swift */ = {isa = PBXFileReference; fileEncoding = 4; lastKnownFileType = sourcecode.swift; path = RegisterViewController.swift; sourceTree = "<group>"; };
		2BA11B122B21FC87001FC310 /* RegisterView.swift */ = {isa = PBXFileReference; fileEncoding = 4; lastKnownFileType = sourcecode.swift; path = RegisterView.swift; sourceTree = "<group>"; };
		2BA11B142B21FC93001FC310 /* ChatView.swift */ = {isa = PBXFileReference; fileEncoding = 4; lastKnownFileType = sourcecode.swift; path = ChatView.swift; sourceTree = "<group>"; };
		2BA11B162B21FC96001FC310 /* ChatViewController.swift */ = {isa = PBXFileReference; fileEncoding = 4; lastKnownFileType = sourcecode.swift; path = ChatViewController.swift; sourceTree = "<group>"; };
		2BA11B182B21FC9F001FC310 /* LoginView.swift */ = {isa = PBXFileReference; fileEncoding = 4; lastKnownFileType = sourcecode.swift; path = LoginView.swift; sourceTree = "<group>"; };
		2BA11B1A2B21FCA3001FC310 /* LoginViewController.swift */ = {isa = PBXFileReference; fileEncoding = 4; lastKnownFileType = sourcecode.swift; path = LoginViewController.swift; sourceTree = "<group>"; };
		2BA11B1C2B21FCAD001FC310 /* HomeViewModel.swift */ = {isa = PBXFileReference; fileEncoding = 4; lastKnownFileType = sourcecode.swift; path = HomeViewModel.swift; sourceTree = "<group>"; };
		2BA11B1E2B21FCB0001FC310 /* HomeView.swift */ = {isa = PBXFileReference; fileEncoding = 4; lastKnownFileType = sourcecode.swift; path = HomeView.swift; sourceTree = "<group>"; };
		2BA11B222B21FE46001FC310 /* GoogleService-Info.plist */ = {isa = PBXFileReference; fileEncoding = 4; lastKnownFileType = text.plist.xml; path = "GoogleService-Info.plist"; sourceTree = "<group>"; };
/* End PBXFileReference section */

/* Begin PBXFrameworksBuildPhase section */
		2BA11ADB2B21FBBB001FC310 /* Frameworks */ = {
			isa = PBXFrameworksBuildPhase;
			buildActionMask = 2147483647;
			files = (
			);
			runOnlyForDeploymentPostprocessing = 0;
		};
/* End PBXFrameworksBuildPhase section */

/* Begin PBXGroup section */
		2BA11AD52B21FBBB001FC310 = {
			isa = PBXGroup;
			children = (
				2BA11AE02B21FBBB001FC310 /* flash-chat */,
				2BA11ADF2B21FBBB001FC310 /* Products */,
			);
			sourceTree = "<group>";
		};
		2BA11ADF2B21FBBB001FC310 /* Products */ = {
			isa = PBXGroup;
			children = (
				2BA11ADE2B21FBBB001FC310 /* flash-chat.app */,
			);
			name = Products;
			sourceTree = "<group>";
		};
		2BA11AE02B21FBBB001FC310 /* flash-chat */ = {
			isa = PBXGroup;
			children = (
				2BA11B012B21FC21001FC310 /* Register */,
				2BA11B002B21FC1D001FC310 /* Login */,
				2BA11AFF2B21FC18001FC310 /* Home */,
				2BA11AFE2B21FC14001FC310 /* Chat */,
				2BA11AF52B21FBD9001FC310 /* Supporting */,
				2BA11AEF2B21FBBE001FC310 /* Info.plist */,
				2BA11B222B21FE46001FC310 /* GoogleService-Info.plist */,
			);
			path = "flash-chat";
			sourceTree = "<group>";
		};
		2BA11AF52B21FBD9001FC310 /* Supporting */ = {
			isa = PBXGroup;
			children = (
				2BA11AE12B21FBBB001FC310 /* AppDelegate.swift */,
				2BA11AE32B21FBBB001FC310 /* SceneDelegate.swift */,
				2BA11AEA2B21FBBE001FC310 /* Assets.xcassets */,
				2BA11AEC2B21FBBE001FC310 /* LaunchScreen.storyboard */,
			);
			path = Supporting;
			sourceTree = "<group>";
		};
		2BA11AFE2B21FC14001FC310 /* Chat */ = {
			isa = PBXGroup;
			children = (
				2BA11B042B21FC39001FC310 /* View */,
				2BA11B032B21FC32001FC310 /* ViewController */,
				2BA11B022B21FC2D001FC310 /* ViewModel */,
			);
			path = Chat;
			sourceTree = "<group>";
		};
		2BA11AFF2B21FC18001FC310 /* Home */ = {
			isa = PBXGroup;
			children = (
				2BA11B0B2B21FC59001FC310 /* ViewController */,
				2BA11B0A2B21FC54001FC310 /* ViewModel */,
				2BA11B052B21FC41001FC310 /* View */,
			);
			path = Home;
			sourceTree = "<group>";
		};
		2BA11B002B21FC1D001FC310 /* Login */ = {
			isa = PBXGroup;
			children = (
				2BA11B0C2B21FC5C001FC310 /* ViewController */,
				2BA11B092B21FC51001FC310 /* ViewModel */,
				2BA11B062B21FC44001FC310 /* View */,
			);
			path = Login;
			sourceTree = "<group>";
		};
		2BA11B012B21FC21001FC310 /* Register */ = {
			isa = PBXGroup;
			children = (
				2BA11B0D2B21FC60001FC310 /* ViewController */,
				2BA11B082B21FC4A001FC310 /* ViewModel */,
				2BA11B072B21FC47001FC310 /* View */,
			);
			path = Register;
			sourceTree = "<group>";
		};
		2BA11B022B21FC2D001FC310 /* ViewModel */ = {
			isa = PBXGroup;
			children = (
			);
			path = ViewModel;
			sourceTree = "<group>";
		};
		2BA11B032B21FC32001FC310 /* ViewController */ = {
			isa = PBXGroup;
			children = (
				2BA11B162B21FC96001FC310 /* ChatViewController.swift */,
			);
			path = ViewController;
			sourceTree = "<group>";
		};
		2BA11B042B21FC39001FC310 /* View */ = {
			isa = PBXGroup;
			children = (
				2BA11B142B21FC93001FC310 /* ChatView.swift */,
			);
			path = View;
			sourceTree = "<group>";
		};
		2BA11B052B21FC41001FC310 /* View */ = {
			isa = PBXGroup;
			children = (
				2BA11B1E2B21FCB0001FC310 /* HomeView.swift */,
			);
			path = View;
			sourceTree = "<group>";
		};
		2BA11B062B21FC44001FC310 /* View */ = {
			isa = PBXGroup;
			children = (
				2BA11B182B21FC9F001FC310 /* LoginView.swift */,
			);
			path = View;
			sourceTree = "<group>";
		};
		2BA11B072B21FC47001FC310 /* View */ = {
			isa = PBXGroup;
			children = (
				2BA11B122B21FC87001FC310 /* RegisterView.swift */,
			);
			path = View;
			sourceTree = "<group>";
		};
		2BA11B082B21FC4A001FC310 /* ViewModel */ = {
			isa = PBXGroup;
			children = (
				2BA11B0E2B21FC78001FC310 /* RegisterViewModel.swift */,
			);
			path = ViewModel;
			sourceTree = "<group>";
		};
		2BA11B092B21FC51001FC310 /* ViewModel */ = {
			isa = PBXGroup;
			children = (
			);
			path = ViewModel;
			sourceTree = "<group>";
		};
		2BA11B0A2B21FC54001FC310 /* ViewModel */ = {
			isa = PBXGroup;
			children = (
				2BA11B1C2B21FCAD001FC310 /* HomeViewModel.swift */,
			);
			path = ViewModel;
			sourceTree = "<group>";
		};
		2BA11B0B2B21FC59001FC310 /* ViewController */ = {
			isa = PBXGroup;
			children = (
				2BA11AE52B21FBBB001FC310 /* HomeViewController.swift */,
			);
			path = ViewController;
			sourceTree = "<group>";
		};
		2BA11B0C2B21FC5C001FC310 /* ViewController */ = {
			isa = PBXGroup;
			children = (
				2BA11B1A2B21FCA3001FC310 /* LoginViewController.swift */,
			);
			path = ViewController;
			sourceTree = "<group>";
		};
		2BA11B0D2B21FC60001FC310 /* ViewController */ = {
			isa = PBXGroup;
			children = (
				2BA11B102B21FC84001FC310 /* RegisterViewController.swift */,
			);
			path = ViewController;
			sourceTree = "<group>";
		};
/* End PBXGroup section */

/* Begin PBXNativeTarget section */
		2BA11ADD2B21FBBB001FC310 /* flash-chat */ = {
			isa = PBXNativeTarget;
			buildConfigurationList = 2BA11AF22B21FBBE001FC310 /* Build configuration list for PBXNativeTarget "flash-chat" */;
			buildPhases = (
				2BA11ADA2B21FBBB001FC310 /* Sources */,
				2BA11ADB2B21FBBB001FC310 /* Frameworks */,
				2BA11ADC2B21FBBB001FC310 /* Resources */,
			);
			buildRules = (
			);
			dependencies = (
			);
			name = "flash-chat";
			productName = "flash-chat";
			productReference = 2BA11ADE2B21FBBB001FC310 /* flash-chat.app */;
			productType = "com.apple.product-type.application";
		};
/* End PBXNativeTarget section */

/* Begin PBXProject section */
		2BA11AD62B21FBBB001FC310 /* Project object */ = {
			isa = PBXProject;
			attributes = {
				BuildIndependentTargetsInParallel = 1;
				LastSwiftUpdateCheck = 1500;
				LastUpgradeCheck = 1500;
				TargetAttributes = {
					2BA11ADD2B21FBBB001FC310 = {
						CreatedOnToolsVersion = 15.0.1;
					};
				};
			};
			buildConfigurationList = 2BA11AD92B21FBBB001FC310 /* Build configuration list for PBXProject "flash-chat" */;
			compatibilityVersion = "Xcode 14.0";
			developmentRegion = en;
			hasScannedForEncodings = 0;
			knownRegions = (
				en,
				Base,
			);
			mainGroup = 2BA11AD52B21FBBB001FC310;
			productRefGroup = 2BA11ADF2B21FBBB001FC310 /* Products */;
			projectDirPath = "";
			projectRoot = "";
			targets = (
				2BA11ADD2B21FBBB001FC310 /* flash-chat */,
			);
		};
/* End PBXProject section */

/* Begin PBXResourcesBuildPhase section */
		2BA11ADC2B21FBBB001FC310 /* Resources */ = {
			isa = PBXResourcesBuildPhase;
			buildActionMask = 2147483647;
			files = (
				2BA11AEE2B21FBBE001FC310 /* LaunchScreen.storyboard in Resources */,
				2BA11B232B21FE46001FC310 /* GoogleService-Info.plist in Resources */,
				2BA11AEB2B21FBBE001FC310 /* Assets.xcassets in Resources */,
			);
			runOnlyForDeploymentPostprocessing = 0;
		};
/* End PBXResourcesBuildPhase section */

/* Begin PBXSourcesBuildPhase section */
		2BA11ADA2B21FBBB001FC310 /* Sources */ = {
			isa = PBXSourcesBuildPhase;
			buildActionMask = 2147483647;
			files = (
				2BA11AE62B21FBBB001FC310 /* HomeViewController.swift in Sources */,
				2BA11B1D2B21FCAD001FC310 /* HomeViewModel.swift in Sources */,
				2BA11B112B21FC84001FC310 /* RegisterViewController.swift in Sources */,
				2BA11B172B21FC96001FC310 /* ChatViewController.swift in Sources */,
				2BA11B192B21FC9F001FC310 /* LoginView.swift in Sources */,
				2BA11AE22B21FBBB001FC310 /* AppDelegate.swift in Sources */,
				2BA11B132B21FC87001FC310 /* RegisterView.swift in Sources */,
				2BA11B152B21FC93001FC310 /* ChatView.swift in Sources */,
				2BA11AE42B21FBBB001FC310 /* SceneDelegate.swift in Sources */,
				2BA11B1F2B21FCB0001FC310 /* HomeView.swift in Sources */,
				2BA11B1B2B21FCA3001FC310 /* LoginViewController.swift in Sources */,
				2BA11B0F2B21FC78001FC310 /* RegisterViewModel.swift in Sources */,
			);
			runOnlyForDeploymentPostprocessing = 0;
		};
/* End PBXSourcesBuildPhase section */

/* Begin PBXVariantGroup section */
		2BA11AEC2B21FBBE001FC310 /* LaunchScreen.storyboard */ = {
			isa = PBXVariantGroup;
			children = (
				2BA11AED2B21FBBE001FC310 /* Base */,
			);
			name = LaunchScreen.storyboard;
			sourceTree = "<group>";
		};
/* End PBXVariantGroup section */

/* Begin XCBuildConfiguration section */
		2BA11AF02B21FBBE001FC310 /* Debug */ = {
			isa = XCBuildConfiguration;
			buildSettings = {
				ALWAYS_SEARCH_USER_PATHS = NO;
				ASSETCATALOG_COMPILER_GENERATE_SWIFT_ASSET_SYMBOL_EXTENSIONS = YES;
				CLANG_ANALYZER_NONNULL = YES;
				CLANG_ANALYZER_NUMBER_OBJECT_CONVERSION = YES_AGGRESSIVE;
				CLANG_CXX_LANGUAGE_STANDARD = "gnu++20";
				CLANG_ENABLE_MODULES = YES;
				CLANG_ENABLE_OBJC_ARC = YES;
				CLANG_ENABLE_OBJC_WEAK = YES;
				CLANG_WARN_BLOCK_CAPTURE_AUTORELEASING = YES;
				CLANG_WARN_BOOL_CONVERSION = YES;
				CLANG_WARN_COMMA = YES;
				CLANG_WARN_CONSTANT_CONVERSION = YES;
				CLANG_WARN_DEPRECATED_OBJC_IMPLEMENTATIONS = YES;
				CLANG_WARN_DIRECT_OBJC_ISA_USAGE = YES_ERROR;
				CLANG_WARN_DOCUMENTATION_COMMENTS = YES;
				CLANG_WARN_EMPTY_BODY = YES;
				CLANG_WARN_ENUM_CONVERSION = YES;
				CLANG_WARN_INFINITE_RECURSION = YES;
				CLANG_WARN_INT_CONVERSION = YES;
				CLANG_WARN_NON_LITERAL_NULL_CONVERSION = YES;
				CLANG_WARN_OBJC_IMPLICIT_RETAIN_SELF = YES;
				CLANG_WARN_OBJC_LITERAL_CONVERSION = YES;
				CLANG_WARN_OBJC_ROOT_CLASS = YES_ERROR;
				CLANG_WARN_QUOTED_INCLUDE_IN_FRAMEWORK_HEADER = YES;
				CLANG_WARN_RANGE_LOOP_ANALYSIS = YES;
				CLANG_WARN_STRICT_PROTOTYPES = YES;
				CLANG_WARN_SUSPICIOUS_MOVE = YES;
				CLANG_WARN_UNGUARDED_AVAILABILITY = YES_AGGRESSIVE;
				CLANG_WARN_UNREACHABLE_CODE = YES;
				CLANG_WARN__DUPLICATE_METHOD_MATCH = YES;
				COPY_PHASE_STRIP = NO;
				DEBUG_INFORMATION_FORMAT = dwarf;
				ENABLE_STRICT_OBJC_MSGSEND = YES;
				ENABLE_TESTABILITY = YES;
				ENABLE_USER_SCRIPT_SANDBOXING = YES;
				GCC_C_LANGUAGE_STANDARD = gnu17;
				GCC_DYNAMIC_NO_PIC = NO;
				GCC_NO_COMMON_BLOCKS = YES;
				GCC_OPTIMIZATION_LEVEL = 0;
				GCC_PREPROCESSOR_DEFINITIONS = (
					"DEBUG=1",
					"$(inherited)",
				);
				GCC_WARN_64_TO_32_BIT_CONVERSION = YES;
				GCC_WARN_ABOUT_RETURN_TYPE = YES_ERROR;
				GCC_WARN_UNDECLARED_SELECTOR = YES;
				GCC_WARN_UNINITIALIZED_AUTOS = YES_AGGRESSIVE;
				GCC_WARN_UNUSED_FUNCTION = YES;
				GCC_WARN_UNUSED_VARIABLE = YES;
				IPHONEOS_DEPLOYMENT_TARGET = 17.0;
				LOCALIZATION_PREFERS_STRING_CATALOGS = YES;
				MTL_ENABLE_DEBUG_INFO = INCLUDE_SOURCE;
				MTL_FAST_MATH = YES;
				ONLY_ACTIVE_ARCH = YES;
				SDKROOT = iphoneos;
				SWIFT_ACTIVE_COMPILATION_CONDITIONS = "DEBUG $(inherited)";
				SWIFT_OPTIMIZATION_LEVEL = "-Onone";
			};
			name = Debug;
		};
		2BA11AF12B21FBBE001FC310 /* Release */ = {
			isa = XCBuildConfiguration;
			buildSettings = {
				ALWAYS_SEARCH_USER_PATHS = NO;
				ASSETCATALOG_COMPILER_GENERATE_SWIFT_ASSET_SYMBOL_EXTENSIONS = YES;
				CLANG_ANALYZER_NONNULL = YES;
				CLANG_ANALYZER_NUMBER_OBJECT_CONVERSION = YES_AGGRESSIVE;
				CLANG_CXX_LANGUAGE_STANDARD = "gnu++20";
				CLANG_ENABLE_MODULES = YES;
				CLANG_ENABLE_OBJC_ARC = YES;
				CLANG_ENABLE_OBJC_WEAK = YES;
				CLANG_WARN_BLOCK_CAPTURE_AUTORELEASING = YES;
				CLANG_WARN_BOOL_CONVERSION = YES;
				CLANG_WARN_COMMA = YES;
				CLANG_WARN_CONSTANT_CONVERSION = YES;
				CLANG_WARN_DEPRECATED_OBJC_IMPLEMENTATIONS = YES;
				CLANG_WARN_DIRECT_OBJC_ISA_USAGE = YES_ERROR;
				CLANG_WARN_DOCUMENTATION_COMMENTS = YES;
				CLANG_WARN_EMPTY_BODY = YES;
				CLANG_WARN_ENUM_CONVERSION = YES;
				CLANG_WARN_INFINITE_RECURSION = YES;
				CLANG_WARN_INT_CONVERSION = YES;
				CLANG_WARN_NON_LITERAL_NULL_CONVERSION = YES;
				CLANG_WARN_OBJC_IMPLICIT_RETAIN_SELF = YES;
				CLANG_WARN_OBJC_LITERAL_CONVERSION = YES;
				CLANG_WARN_OBJC_ROOT_CLASS = YES_ERROR;
				CLANG_WARN_QUOTED_INCLUDE_IN_FRAMEWORK_HEADER = YES;
				CLANG_WARN_RANGE_LOOP_ANALYSIS = YES;
				CLANG_WARN_STRICT_PROTOTYPES = YES;
				CLANG_WARN_SUSPICIOUS_MOVE = YES;
				CLANG_WARN_UNGUARDED_AVAILABILITY = YES_AGGRESSIVE;
				CLANG_WARN_UNREACHABLE_CODE = YES;
				CLANG_WARN__DUPLICATE_METHOD_MATCH = YES;
				COPY_PHASE_STRIP = NO;
				DEBUG_INFORMATION_FORMAT = "dwarf-with-dsym";
				ENABLE_NS_ASSERTIONS = NO;
				ENABLE_STRICT_OBJC_MSGSEND = YES;
				ENABLE_USER_SCRIPT_SANDBOXING = YES;
				GCC_C_LANGUAGE_STANDARD = gnu17;
				GCC_NO_COMMON_BLOCKS = YES;
				GCC_WARN_64_TO_32_BIT_CONVERSION = YES;
				GCC_WARN_ABOUT_RETURN_TYPE = YES_ERROR;
				GCC_WARN_UNDECLARED_SELECTOR = YES;
				GCC_WARN_UNINITIALIZED_AUTOS = YES_AGGRESSIVE;
				GCC_WARN_UNUSED_FUNCTION = YES;
				GCC_WARN_UNUSED_VARIABLE = YES;
				IPHONEOS_DEPLOYMENT_TARGET = 17.0;
				LOCALIZATION_PREFERS_STRING_CATALOGS = YES;
				MTL_ENABLE_DEBUG_INFO = NO;
				MTL_FAST_MATH = YES;
				SDKROOT = iphoneos;
				SWIFT_COMPILATION_MODE = wholemodule;
				VALIDATE_PRODUCT = YES;
			};
			name = Release;
		};
		2BA11AF32B21FBBE001FC310 /* Debug */ = {
			isa = XCBuildConfiguration;
			buildSettings = {
				ASSETCATALOG_COMPILER_APPICON_NAME = AppIcon;
				ASSETCATALOG_COMPILER_GLOBAL_ACCENT_COLOR_NAME = AccentColor;
				CODE_SIGN_STYLE = Automatic;
				CURRENT_PROJECT_VERSION = 1;
				DEVELOPMENT_TEAM = FH99D278L8;
				GENERATE_INFOPLIST_FILE = YES;
				INFOPLIST_FILE = "flash-chat/Info.plist";
				INFOPLIST_KEY_UIApplicationSupportsIndirectInputEvents = YES;
				INFOPLIST_KEY_UILaunchStoryboardName = LaunchScreen;
				INFOPLIST_KEY_UISupportedInterfaceOrientations_iPad = "UIInterfaceOrientationPortrait UIInterfaceOrientationPortraitUpsideDown UIInterfaceOrientationLandscapeLeft UIInterfaceOrientationLandscapeRight";
				INFOPLIST_KEY_UISupportedInterfaceOrientations_iPhone = "UIInterfaceOrientationPortrait UIInterfaceOrientationLandscapeLeft UIInterfaceOrientationLandscapeRight";
				LD_RUNPATH_SEARCH_PATHS = (
					"$(inherited)",
					"@executable_path/Frameworks",
				);
				MARKETING_VERSION = 1.0;
				PRODUCT_BUNDLE_IDENTIFIER = "guilhermebrv.flash-chat";
				PRODUCT_NAME = "$(TARGET_NAME)";
				SUPPORTED_PLATFORMS = "iphoneos iphonesimulator";
				SUPPORTS_MACCATALYST = NO;
				SUPPORTS_MAC_DESIGNED_FOR_IPHONE_IPAD = NO;
				SWIFT_EMIT_LOC_STRINGS = YES;
				SWIFT_VERSION = 5.0;
				TARGETED_DEVICE_FAMILY = 1;
			};
			name = Debug;
		};
		2BA11AF42B21FBBE001FC310 /* Release */ = {
			isa = XCBuildConfiguration;
			buildSettings = {
				ASSETCATALOG_COMPILER_APPICON_NAME = AppIcon;
				ASSETCATALOG_COMPILER_GLOBAL_ACCENT_COLOR_NAME = AccentColor;
				CODE_SIGN_STYLE = Automatic;
				CURRENT_PROJECT_VERSION = 1;
				DEVELOPMENT_TEAM = FH99D278L8;
				GENERATE_INFOPLIST_FILE = YES;
				INFOPLIST_FILE = "flash-chat/Info.plist";
				INFOPLIST_KEY_UIApplicationSupportsIndirectInputEvents = YES;
				INFOPLIST_KEY_UILaunchStoryboardName = LaunchScreen;
				INFOPLIST_KEY_UISupportedInterfaceOrientations_iPad = "UIInterfaceOrientationPortrait UIInterfaceOrientationPortraitUpsideDown UIInterfaceOrientationLandscapeLeft UIInterfaceOrientationLandscapeRight";
				INFOPLIST_KEY_UISupportedInterfaceOrientations_iPhone = "UIInterfaceOrientationPortrait UIInterfaceOrientationLandscapeLeft UIInterfaceOrientationLandscapeRight";
				LD_RUNPATH_SEARCH_PATHS = (
					"$(inherited)",
					"@executable_path/Frameworks",
				);
				MARKETING_VERSION = 1.0;
				PRODUCT_BUNDLE_IDENTIFIER = "guilhermebrv.flash-chat";
				PRODUCT_NAME = "$(TARGET_NAME)";
				SUPPORTED_PLATFORMS = "iphoneos iphonesimulator";
				SUPPORTS_MACCATALYST = NO;
				SUPPORTS_MAC_DESIGNED_FOR_IPHONE_IPAD = NO;
				SWIFT_EMIT_LOC_STRINGS = YES;
				SWIFT_VERSION = 5.0;
				TARGETED_DEVICE_FAMILY = 1;
			};
			name = Release;
		};
/* End XCBuildConfiguration section */

/* Begin XCConfigurationList section */
		2BA11AD92B21FBBB001FC310 /* Build configuration list for PBXProject "flash-chat" */ = {
			isa = XCConfigurationList;
			buildConfigurations = (
				2BA11AF02B21FBBE001FC310 /* Debug */,
				2BA11AF12B21FBBE001FC310 /* Release */,
			);
			defaultConfigurationIsVisible = 0;
			defaultConfigurationName = Release;
		};
		2BA11AF22B21FBBE001FC310 /* Build configuration list for PBXNativeTarget "flash-chat" */ = {
			isa = XCConfigurationList;
			buildConfigurations = (
				2BA11AF32B21FBBE001FC310 /* Debug */,
				2BA11AF42B21FBBE001FC310 /* Release */,
			);
			defaultConfigurationIsVisible = 0;
			defaultConfigurationName = Release;
		};
/* End XCConfigurationList section */
	};
	rootObject = 2BA11AD62B21FBBB001FC310 /* Project object */;
}
